
Microsoft Visual Studio Solution File, Format Version 12.00
Project("{2150E333-8FDC-42A3-9474-1A3956D46DE8}") = "Common", "Common", "{841A7746-D0BA-41D6-9588-F9476320B763}"
EndProject
Project("{2150E333-8FDC-42A3-9474-1A3956D46DE8}") = "Core", "Core", "{E590A77C-31EA-46F3-B635-6DFBBE75049F}"
EndProject
Project("{2150E333-8FDC-42A3-9474-1A3956D46DE8}") = "Infrastructure", "Infrastructure", "{3F5F4A62-12A0-45B5-BB5D-A3D1B61C2813}"
EndProject
Project("{FAE04EC0-301F-11D3-BF4B-00C04F79EFBC}") = "Common", "Common\Common.csproj", "{4BE8137B-FA28-4C33-A64D-48FC5B6387CB}"
EndProject
Project("{FAE04EC0-301F-11D3-BF4B-00C04F79EFBC}") = "Contracts", "Contracts\Contracts.csproj", "{1610D8EF-D422-4273-948C-6D64F353D0B4}"
EndProject
Project("{FAE04EC0-301F-11D3-BF4B-00C04F79EFBC}") = "Domain", "Domain\Domain.csproj", "{A619B993-1CB9-4B64-87A0-296D65A93204}"
EndProject
Project("{FAE04EC0-301F-11D3-BF4B-00C04F79EFBC}") = "Repository", "Repository\Repository.csproj", "{B12BE43B-439B-49B2-91BC-5779F3B19FEE}"
EndProject
Project("{FAE04EC0-301F-11D3-BF4B-00C04F79EFBC}") = "Repository.Abstractions", "Repository.Abstractions\Repository.Abstractions.csproj", "{436DCA8C-4442-4626-A92A-AAA28FFB0B99}"
EndProject
Project("{FAE04EC0-301F-11D3-BF4B-00C04F79EFBC}") = "Service", "Service\Service.csproj", "{CB66140E-BEDF-4A32-9A11-7EF9E6481CCF}"
EndProject
Project("{FAE04EC0-301F-11D3-BF4B-00C04F79EFBC}") = "Service.Abstactions", "Service.Abstactions\Service.Abstactions.csproj", "{B4C97E35-C399-4093-A544-0C375BD9F8CD}"
EndProject
Project("{FAE04EC0-301F-11D3-BF4B-00C04F79EFBC}") = "Presistence", "Presistence\Presistence.csproj", "{F38E76D6-9A11-46A2-BC4B-651AAE26B7E4}"
EndProject
Project("{FAE04EC0-301F-11D3-BF4B-00C04F79EFBC}") = "Presentation", "Presentation\Presentation.csproj", "{0D5D8C5B-127C-4FC8-879D-81CB9BF9598A}"
EndProject
Project("{FAE04EC0-301F-11D3-BF4B-00C04F79EFBC}") = "GroznApi", "GroznApi\GroznApi.csproj", "{B52EC2F7-F728-40EF-AC7D-D321A26B9AFD}"
EndProject
Global
	GlobalSection(SolutionConfigurationPlatforms) = preSolution
		Debug|Any CPU = Debug|Any CPU
		Release|Any CPU = Release|Any CPU
	EndGlobalSection
	GlobalSection(ProjectConfigurationPlatforms) = postSolution
		{4BE8137B-FA28-4C33-A64D-48FC5B6387CB}.Debug|Any CPU.ActiveCfg = Debug|Any CPU
		{4BE8137B-FA28-4C33-A64D-48FC5B6387CB}.Debug|Any CPU.Build.0 = Debug|Any CPU
		{4BE8137B-FA28-4C33-A64D-48FC5B6387CB}.Release|Any CPU.ActiveCfg = Release|Any CPU
		{4BE8137B-FA28-4C33-A64D-48FC5B6387CB}.Release|Any CPU.Build.0 = Release|Any CPU
		{1610D8EF-D422-4273-948C-6D64F353D0B4}.Debug|Any CPU.ActiveCfg = Debug|Any CPU
		{1610D8EF-D422-4273-948C-6D64F353D0B4}.Debug|Any CPU.Build.0 = Debug|Any CPU
		{1610D8EF-D422-4273-948C-6D64F353D0B4}.Release|Any CPU.ActiveCfg = Release|Any CPU
		{1610D8EF-D422-4273-948C-6D64F353D0B4}.Release|Any CPU.Build.0 = Release|Any CPU
		{A619B993-1CB9-4B64-87A0-296D65A93204}.Debug|Any CPU.ActiveCfg = Debug|Any CPU
		{A619B993-1CB9-4B64-87A0-296D65A93204}.Debug|Any CPU.Build.0 = Debug|Any CPU
		{A619B993-1CB9-4B64-87A0-296D65A93204}.Release|Any CPU.ActiveCfg = Release|Any CPU
		{A619B993-1CB9-4B64-87A0-296D65A93204}.Release|Any CPU.Build.0 = Release|Any CPU
		{B12BE43B-439B-49B2-91BC-5779F3B19FEE}.Debug|Any CPU.ActiveCfg = Debug|Any CPU
		{B12BE43B-439B-49B2-91BC-5779F3B19FEE}.Debug|Any CPU.Build.0 = Debug|Any CPU
		{B12BE43B-439B-49B2-91BC-5779F3B19FEE}.Release|Any CPU.ActiveCfg = Release|Any CPU
		{B12BE43B-439B-49B2-91BC-5779F3B19FEE}.Release|Any CPU.Build.0 = Release|Any CPU
		{436DCA8C-4442-4626-A92A-AAA28FFB0B99}.Debug|Any CPU.ActiveCfg = Debug|Any CPU
		{436DCA8C-4442-4626-A92A-AAA28FFB0B99}.Debug|Any CPU.Build.0 = Debug|Any CPU
		{436DCA8C-4442-4626-A92A-AAA28FFB0B99}.Release|Any CPU.ActiveCfg = Release|Any CPU
		{436DCA8C-4442-4626-A92A-AAA28FFB0B99}.Release|Any CPU.Build.0 = Release|Any CPU
		{CB66140E-BEDF-4A32-9A11-7EF9E6481CCF}.Debug|Any CPU.ActiveCfg = Debug|Any CPU
		{CB66140E-BEDF-4A32-9A11-7EF9E6481CCF}.Debug|Any CPU.Build.0 = Debug|Any CPU
		{CB66140E-BEDF-4A32-9A11-7EF9E6481CCF}.Release|Any CPU.ActiveCfg = Release|Any CPU
		{CB66140E-BEDF-4A32-9A11-7EF9E6481CCF}.Release|Any CPU.Build.0 = Release|Any CPU
		{B4C97E35-C399-4093-A544-0C375BD9F8CD}.Debug|Any CPU.ActiveCfg = Debug|Any CPU
		{B4C97E35-C399-4093-A544-0C375BD9F8CD}.Debug|Any CPU.Build.0 = Debug|Any CPU
		{B4C97E35-C399-4093-A544-0C375BD9F8CD}.Release|Any CPU.ActiveCfg = Release|Any CPU
		{B4C97E35-C399-4093-A544-0C375BD9F8CD}.Release|Any CPU.Build.0 = Release|Any CPU
		{F38E76D6-9A11-46A2-BC4B-651AAE26B7E4}.Debug|Any CPU.ActiveCfg = Debug|Any CPU
		{F38E76D6-9A11-46A2-BC4B-651AAE26B7E4}.Debug|Any CPU.Build.0 = Debug|Any CPU
		{F38E76D6-9A11-46A2-BC4B-651AAE26B7E4}.Release|Any CPU.ActiveCfg = Release|Any CPU
		{F38E76D6-9A11-46A2-BC4B-651AAE26B7E4}.Release|Any CPU.Build.0 = Release|Any CPU
		{0D5D8C5B-127C-4FC8-879D-81CB9BF9598A}.Debug|Any CPU.ActiveCfg = Debug|Any CPU
		{0D5D8C5B-127C-4FC8-879D-81CB9BF9598A}.Debug|Any CPU.Build.0 = Debug|Any CPU
		{0D5D8C5B-127C-4FC8-879D-81CB9BF9598A}.Release|Any CPU.ActiveCfg = Release|Any CPU
		{0D5D8C5B-127C-4FC8-879D-81CB9BF9598A}.Release|Any CPU.Build.0 = Release|Any CPU
		{B52EC2F7-F728-40EF-AC7D-D321A26B9AFD}.Debug|Any CPU.ActiveCfg = Debug|Any CPU
		{B52EC2F7-F728-40EF-AC7D-D321A26B9AFD}.Debug|Any CPU.Build.0 = Debug|Any CPU
		{B52EC2F7-F728-40EF-AC7D-D321A26B9AFD}.Release|Any CPU.ActiveCfg = Release|Any CPU
		{B52EC2F7-F728-40EF-AC7D-D321A26B9AFD}.Release|Any CPU.Build.0 = Release|Any CPU
	EndGlobalSection
	GlobalSection(NestedProjects) = preSolution
		{4BE8137B-FA28-4C33-A64D-48FC5B6387CB} = {841A7746-D0BA-41D6-9588-F9476320B763}
		{1610D8EF-D422-4273-948C-6D64F353D0B4} = {E590A77C-31EA-46F3-B635-6DFBBE75049F}
		{A619B993-1CB9-4B64-87A0-296D65A93204} = {E590A77C-31EA-46F3-B635-6DFBBE75049F}
		{B12BE43B-439B-49B2-91BC-5779F3B19FEE} = {E590A77C-31EA-46F3-B635-6DFBBE75049F}
		{436DCA8C-4442-4626-A92A-AAA28FFB0B99} = {E590A77C-31EA-46F3-B635-6DFBBE75049F}
		{CB66140E-BEDF-4A32-9A11-7EF9E6481CCF} = {E590A77C-31EA-46F3-B635-6DFBBE75049F}
		{B4C97E35-C399-4093-A544-0C375BD9F8CD} = {E590A77C-31EA-46F3-B635-6DFBBE75049F}
		{F38E76D6-9A11-46A2-BC4B-651AAE26B7E4} = {3F5F4A62-12A0-45B5-BB5D-A3D1B61C2813}
		{0D5D8C5B-127C-4FC8-879D-81CB9BF9598A} = {3F5F4A62-12A0-45B5-BB5D-A3D1B61C2813}
	EndGlobalSection
EndGlobal
